Microsoft Visual Studio Solution File, Format Version 12.00
# Visual Studio 2012
Project("{FAE04EC0-301F-11D3-BF4B-00C04F79EFBC}") = "Temptica.Overlay", "Temptica.Overlay.csproj", "{45263424-3A06-4EA5-8F0C-12F0AFE897EF}"
EndProject

Project("{FAE04EC0-301F-11D3-BF4B-00C04F79EFBC}") = "Temptica.TwitchBot.Shared", "..\Temptica.TwitchBot\Temptica.TwitchBot.Shared\Temptica.TwitchBot.Shared.csproj", "{C256B483-E6B6-4BFF-8D0B-6C4E27050BB9}"
EndProject
Project("{FAE04EC0-301F-11D3-BF4B-00C04F79EFBC}") = "Temptica.GodotExtensions", "..\Temptica.GodotExtensions\Temptica.GodotExtensions.csproj", "{A7DBE4EB-2CE1-4812-B28B-E98D99020C62}"
EndProject
Global
	GlobalSection(SolutionConfigurationPlatforms) = preSolution
	Debug|Any CPU = Debug|Any CPU
	ExportDebug|Any CPU = ExportDebug|Any CPU
	ExportRelease|Any CPU = ExportRelease|Any CPU
	EndGlobalSection
	GlobalSection(ProjectConfigurationPlatforms) = postSolution
		{45263424-3A06-4EA5-8F0C-12F0AFE897EF}.Debug|Any CPU.ActiveCfg = Debug|Any CPU
		{45263424-3A06-4EA5-8F0C-12F0AFE897EF}.Debug|Any CPU.Build.0 = Debug|Any CPU
		{45263424-3A06-4EA5-8F0C-12F0AFE897EF}.ExportDebug|Any CPU.ActiveCfg = ExportDebug|Any CPU
		{45263424-3A06-4EA5-8F0C-12F0AFE897EF}.ExportDebug|Any CPU.Build.0 = ExportDebug|Any CPU
		{45263424-3A06-4EA5-8F0C-12F0AFE897EF}.ExportRelease|Any CPU.ActiveCfg = ExportRelease|Any CPU
		{45263424-3A06-4EA5-8F0C-12F0AFE897EF}.ExportRelease|Any CPU.Build.0 = ExportRelease|Any CPU
		{C256B483-E6B6-4BFF-8D0B-6C4E27050BB9}.Debug|Any CPU.ActiveCfg = Debug|Any CPU
		{C256B483-E6B6-4BFF-8D0B-6C4E27050BB9}.Debug|Any CPU.Build.0 = Debug|Any CPU
		{C256B483-E6B6-4BFF-8D0B-6C4E27050BB9}.ExportDebug|Any CPU.ActiveCfg = Debug|Any CPU
		{C256B483-E6B6-4BFF-8D0B-6C4E27050BB9}.ExportDebug|Any CPU.Build.0 = Debug|Any CPU
		{C256B483-E6B6-4BFF-8D0B-6C4E27050BB9}.ExportRelease|Any CPU.ActiveCfg = Debug|Any CPU
		{C256B483-E6B6-4BFF-8D0B-6C4E27050BB9}.ExportRelease|Any CPU.Build.0 = Debug|Any CPU
		{A7DBE4EB-2CE1-4812-B28B-E98D99020C62}.Debug|Any CPU.ActiveCfg = Debug|Any CPU
		{A7DBE4EB-2CE1-4812-B28B-E98D99020C62}.Debug|Any CPU.Build.0 = Debug|Any CPU
		{A7DBE4EB-2CE1-4812-B28B-E98D99020C62}.ExportDebug|Any CPU.ActiveCfg = ExportDebug|Any CPU
		{A7DBE4EB-2CE1-4812-B28B-E98D99020C62}.ExportDebug|Any CPU.Build.0 = ExportDebug|Any CPU
		{A7DBE4EB-2CE1-4812-B28B-E98D99020C62}.ExportRelease|Any CPU.ActiveCfg = ExportRelease|Any CPU
		{A7DBE4EB-2CE1-4812-B28B-E98D99020C62}.ExportRelease|Any CPU.Build.0 = ExportRelease|Any CPU
	EndGlobalSection
EndGlobal
